
Microsoft Visual Studio Solution File, Format Version 11.00
# Visual Studio 2010
Project("{FAE04EC0-301F-11D3-BF4B-00C04F79EFBC}") = "Whisper", "Whisper\Whisper.csproj", "{20B8D0D2-F53D-4102-83EA-928450F3AEC7}"
EndProject
Project("{FAE04EC0-301F-11D3-BF4B-00C04F79EFBC}") = "Wcp", "Wcp\Wcp.csproj", "{5F56E06E-0DF9-41E0-A278-B2920FE43DD6}"
EndProject
Project("{FAE04EC0-301F-11D3-BF4B-00C04F79EFBC}") = "Watcher", "Watcher\Watcher.csproj", "{1C3F0FE7-B45E-42B4-991B-93AE658CE206}"
EndProject
Global
	GlobalSection(SolutionConfigurationPlatforms) = preSolution
		Debug|Any CPU = Debug|Any CPU
		Release|Any CPU = Release|Any CPU
		DebugServer|Any CPU = DebugServer|Any CPU
	EndGlobalSection
	GlobalSection(ProjectConfigurationPlatforms) = postSolution
		{1C3F0FE7-B45E-42B4-991B-93AE658CE206}.Debug|Any CPU.ActiveCfg = Debug|Any CPU
		{1C3F0FE7-B45E-42B4-991B-93AE658CE206}.Debug|Any CPU.Build.0 = Debug|Any CPU
		{1C3F0FE7-B45E-42B4-991B-93AE658CE206}.DebugServer|Any CPU.ActiveCfg = Debug|Any CPU
		{1C3F0FE7-B45E-42B4-991B-93AE658CE206}.DebugServer|Any CPU.Build.0 = Debug|Any CPU
		{1C3F0FE7-B45E-42B4-991B-93AE658CE206}.Release|Any CPU.ActiveCfg = Release|Any CPU
		{1C3F0FE7-B45E-42B4-991B-93AE658CE206}.Release|Any CPU.Build.0 = Release|Any CPU
		{20B8D0D2-F53D-4102-83EA-928450F3AEC7}.Debug|Any CPU.ActiveCfg = Debug|Any CPU
		{20B8D0D2-F53D-4102-83EA-928450F3AEC7}.Debug|Any CPU.Build.0 = Debug|Any CPU
		{20B8D0D2-F53D-4102-83EA-928450F3AEC7}.DebugServer|Any CPU.ActiveCfg = Debug|Any CPU
		{20B8D0D2-F53D-4102-83EA-928450F3AEC7}.DebugServer|Any CPU.Build.0 = Debug|Any CPU
		{20B8D0D2-F53D-4102-83EA-928450F3AEC7}.Release|Any CPU.ActiveCfg = Release|Any CPU
		{20B8D0D2-F53D-4102-83EA-928450F3AEC7}.Release|Any CPU.Build.0 = Release|Any CPU
		{5F56E06E-0DF9-41E0-A278-B2920FE43DD6}.Debug|Any CPU.ActiveCfg = Debug|Any CPU
		{5F56E06E-0DF9-41E0-A278-B2920FE43DD6}.Debug|Any CPU.Build.0 = Debug|Any CPU
		{5F56E06E-0DF9-41E0-A278-B2920FE43DD6}.DebugServer|Any CPU.ActiveCfg = DebugServer|Any CPU
		{5F56E06E-0DF9-41E0-A278-B2920FE43DD6}.DebugServer|Any CPU.Build.0 = DebugServer|Any CPU
		{5F56E06E-0DF9-41E0-A278-B2920FE43DD6}.Release|Any CPU.ActiveCfg = Release|Any CPU
		{5F56E06E-0DF9-41E0-A278-B2920FE43DD6}.Release|Any CPU.Build.0 = Release|Any CPU
	EndGlobalSection
	GlobalSection(MonoDevelopProperties) = preSolution
		StartupItem = Wcp\Wcp.csproj
		Policies = $0
		$0.DotNetNamingPolicy = $1
		$1.DirectoryNamespaceAssociation = PrefixedHierarchical
		$1.ResourceNamePolicy = FileFormatDefault
		$0.TextStylePolicy = $2
		$2.TabWidth = 4
		$2.NoTabsAfterNonTabs = True
		$2.RemoveTrailingWhitespace = True
		$2.inheritsSet = Mono
		$2.inheritsScope = text/plain
		$2.scope = text/x-csharp
		$0.CSharpFormattingPolicy = $3
		$3.AnonymousMethodBraceStyle = NextLine
		$3.StatementBraceStyle = NextLine
		$3.PlaceElseOnNewLine = True
		$3.PlaceCatchOnNewLine = True
		$3.PlaceFinallyOnNewLine = True
		$3.PlaceWhileOnNewLine = True
		$3.BeforeMethodDeclarationParentheses = False
		$3.BeforeMethodCallParentheses = False
		$3.BeforeConstructorDeclarationParentheses = False
		$3.BeforeIndexerDeclarationBracket = False
		$3.BeforeDelegateDeclarationParentheses = False
		$3.NewParentheses = False
		$3.SpacesBeforeBrackets = False
		$3.SpacesAfterTypecast = True
		$3.inheritsSet = Mono
		$3.inheritsScope = text/x-csharp
		$3.scope = text/x-csharp
		$0.StandardHeader = $4
		$4.Text = 
		$4.IncludeInNewFiles = True
	EndGlobalSection
EndGlobal
